// !$*UTF8*$!
{
	archiveVersion = 1;
	classes = {
	};
	objectVersion = 55;
	objects = {

/* Begin PBXBuildFile section */
		60CA88DE270CC26900B4981A /* AppDelegate.swift in Sources */ = {isa = PBXBuildFile; fileRef = 60CA88DD270CC26900B4981A /* AppDelegate.swift */; };
		60CA88E0270CC26900B4981A /* SceneDelegate.swift in Sources */ = {isa = PBXBuildFile; fileRef = 60CA88DF270CC26900B4981A /* SceneDelegate.swift */; };
		60CA88E2270CC26900B4981A /* ViewController.swift in Sources */ = {isa = PBXBuildFile; fileRef = 60CA88E1270CC26900B4981A /* ViewController.swift */; };
		60CA88E5270CC26900B4981A /* Main.storyboard in Resources */ = {isa = PBXBuildFile; fileRef = 60CA88E3270CC26900B4981A /* Main.storyboard */; };
		60CA88E7270CC26B00B4981A /* Assets.xcassets in Resources */ = {isa = PBXBuildFile; fileRef = 60CA88E6270CC26B00B4981A /* Assets.xcassets */; };
		60CA88EA270CC26B00B4981A /* LaunchScreen.storyboard in Resources */ = {isa = PBXBuildFile; fileRef = 60CA88E8270CC26B00B4981A /* LaunchScreen.storyboard */; };
		60CA88F5270CC26B00B4981A /* FlixTests.swift in Sources */ = {isa = PBXBuildFile; fileRef = 60CA88F4270CC26B00B4981A /* FlixTests.swift */; };
		60CA88FF270CC26B00B4981A /* FlixUITests.swift in Sources */ = {isa = PBXBuildFile; fileRef = 60CA88FE270CC26B00B4981A /* FlixUITests.swift */; };
		60CA8901270CC26B00B4981A /* FlixUITestsLaunchTests.swift in Sources */ = {isa = PBXBuildFile; fileRef = 60CA8900270CC26B00B4981A /* FlixUITestsLaunchTests.swift */; };
		60CA894A270E492F00B4981A /* MovieCell.swift in Sources */ = {isa = PBXBuildFile; fileRef = 60CA8949270E492F00B4981A /* MovieCell.swift */; };
		60CA894D270EC44000B4981A /* AlamofireImage in Frameworks */ = {isa = PBXBuildFile; productRef = 60CA894C270EC44000B4981A /* AlamofireImage */; };
		6C375C8188A90504DCA20573 /* Pods_Flix.framework in Frameworks */ = {isa = PBXBuildFile; fileRef = 44A6AC149BDB0F446520B20C /* Pods_Flix.framework */; };
		D06C0CA7079DD1C5AFA0C98B /* Pods_Flix_FlixUITests.framework in Frameworks */ = {isa = PBXBuildFile; fileRef = 9EE5B5191E1DA5681A0786B4 /* Pods_Flix_FlixUITests.framework */; };
		DF30A7C522E7D1FA1D28933B /* Pods_FlixTests.framework in Frameworks */ = {isa = PBXBuildFile; fileRef = 03E8EAA35FB508879B6D4F26 /* Pods_FlixTests.framework */; };
/* End PBXBuildFile section */

/* Begin PBXContainerItemProxy section */
		60CA88F1270CC26B00B4981A /* PBXContainerItemProxy */ = {
			isa = PBXContainerItemProxy;
			containerPortal = 60CA88D2270CC26900B4981A /* Project object */;
			proxyType = 1;
			remoteGlobalIDString = 60CA88D9270CC26900B4981A;
			remoteInfo = Flix;
		};
		60CA88FB270CC26B00B4981A /* PBXContainerItemProxy */ = {
			isa = PBXContainerItemProxy;
			containerPortal = 60CA88D2270CC26900B4981A /* Project object */;
			proxyType = 1;
			remoteGlobalIDString = 60CA88D9270CC26900B4981A;
			remoteInfo = Flix;
		};
/* End PBXContainerItemProxy section */

/* Begin PBXFileReference section */
		00B68E0E359F0C8698D39143 /* Pods-Flix.release.xcconfig */ = {isa = PBXFileReference; includeInIndex = 1; lastKnownFileType = text.xcconfig; name = "Pods-Flix.release.xcconfig"; path = "Target Support Files/Pods-Flix/Pods-Flix.release.xcconfig"; sourceTree = "<group>"; };
		03E8EAA35FB508879B6D4F26 /* Pods_FlixTests.framework */ = {isa = PBXFileReference; explicitFileType = wrapper.framework; includeInIndex = 0; path = Pods_FlixTests.framework; sourceTree = BUILT_PRODUCTS_DIR; };
		350A5FBC39CB022D7A77A338 /* Pods-Flix-FlixUITests.debug.xcconfig */ = {isa = PBXFileReference; includeInIndex = 1; lastKnownFileType = text.xcconfig; name = "Pods-Flix-FlixUITests.debug.xcconfig"; path = "Target Support Files/Pods-Flix-FlixUITests/Pods-Flix-FlixUITests.debug.xcconfig"; sourceTree = "<group>"; };
		44A6AC149BDB0F446520B20C /* Pods_Flix.framework */ = {isa = PBXFileReference; explicitFileType = wrapper.framework; includeInIndex = 0; path = Pods_Flix.framework; sourceTree = BUILT_PRODUCTS_DIR; };
		49DBDC6E51F0F89FE75BF138 /* Pods-Flix-FlixUITests.release.xcconfig */ = {isa = PBXFileReference; includeInIndex = 1; lastKnownFileType = text.xcconfig; name = "Pods-Flix-FlixUITests.release.xcconfig"; path = "Target Support Files/Pods-Flix-FlixUITests/Pods-Flix-FlixUITests.release.xcconfig"; sourceTree = "<group>"; };
		4E1F1332AE1EA8C1A3452466 /* Pods-FlixTests.debug.xcconfig */ = {isa = PBXFileReference; includeInIndex = 1; lastKnownFileType = text.xcconfig; name = "Pods-FlixTests.debug.xcconfig"; path = "Target Support Files/Pods-FlixTests/Pods-FlixTests.debug.xcconfig"; sourceTree = "<group>"; };
		60CA88DA270CC26900B4981A /* Flix.app */ = {isa = PBXFileReference; explicitFileType = wrapper.application; includeInIndex = 0; path = Flix.app; sourceTree = BUILT_PRODUCTS_DIR; };
		60CA88DD270CC26900B4981A /* AppDelegate.swift */ = {isa = PBXFileReference; lastKnownFileType = sourcecode.swift; path = AppDelegate.swift; sourceTree = "<group>"; };
		60CA88DF270CC26900B4981A /* SceneDelegate.swift */ = {isa = PBXFileReference; lastKnownFileType = sourcecode.swift; path = SceneDelegate.swift; sourceTree = "<group>"; };
		60CA88E1270CC26900B4981A /* ViewController.swift */ = {isa = PBXFileReference; lastKnownFileType = sourcecode.swift; path = ViewController.swift; sourceTree = "<group>"; };
		60CA88E4270CC26900B4981A /* Base */ = {isa = PBXFileReference; lastKnownFileType = file.storyboard; name = Base; path = Base.lproj/Main.storyboard; sourceTree = "<group>"; };
		60CA88E6270CC26B00B4981A /* Assets.xcassets */ = {isa = PBXFileReference; lastKnownFileType = folder.assetcatalog; path = Assets.xcassets; sourceTree = "<group>"; };
		60CA88E9270CC26B00B4981A /* Base */ = {isa = PBXFileReference; lastKnownFileType = file.storyboard; name = Base; path = Base.lproj/LaunchScreen.storyboard; sourceTree = "<group>"; };
		60CA88EB270CC26B00B4981A /* Info.plist */ = {isa = PBXFileReference; lastKnownFileType = text.plist.xml; path = Info.plist; sourceTree = "<group>"; };
		60CA88F0270CC26B00B4981A /* FlixTests.xctest */ = {isa = PBXFileReference; explicitFileType = wrapper.cfbundle; includeInIndex = 0; path = FlixTests.xctest; sourceTree = BUILT_PRODUCTS_DIR; };
		60CA88F4270CC26B00B4981A /* FlixTests.swift */ = {isa = PBXFileReference; lastKnownFileType = sourcecode.swift; path = FlixTests.swift; sourceTree = "<group>"; };
		60CA88FA270CC26B00B4981A /* FlixUITests.xctest */ = {isa = PBXFileReference; explicitFileType = wrapper.cfbundle; includeInIndex = 0; path = FlixUITests.xctest; sourceTree = BUILT_PRODUCTS_DIR; };
		60CA88FE270CC26B00B4981A /* FlixUITests.swift */ = {isa = PBXFileReference; lastKnownFileType = sourcecode.swift; path = FlixUITests.swift; sourceTree = "<group>"; };
		60CA8900270CC26B00B4981A /* FlixUITestsLaunchTests.swift */ = {isa = PBXFileReference; lastKnownFileType = sourcecode.swift; path = FlixUITestsLaunchTests.swift; sourceTree = "<group>"; };
		60CA8949270E492F00B4981A /* MovieCell.swift */ = {isa = PBXFileReference; lastKnownFileType = sourcecode.swift; path = MovieCell.swift; sourceTree = "<group>"; };
		73C396F817B2FD25D9B6B2EA /* Pods-Flix.debug.xcconfig */ = {isa = PBXFileReference; includeInIndex = 1; lastKnownFileType = text.xcconfig; name = "Pods-Flix.debug.xcconfig"; path = "Target Support Files/Pods-Flix/Pods-Flix.debug.xcconfig"; sourceTree = "<group>"; };
		99676192959840EC09C7604A /* Pods-FlixTests.release.xcconfig */ = {isa = PBXFileReference; includeInIndex = 1; lastKnownFileType = text.xcconfig; name = "Pods-FlixTests.release.xcconfig"; path = "Target Support Files/Pods-FlixTests/Pods-FlixTests.release.xcconfig"; sourceTree = "<group>"; };
		9EE5B5191E1DA5681A0786B4 /* Pods_Flix_FlixUITests.framework */ = {isa = PBXFileReference; explicitFileType = wrapper.framework; includeInIndex = 0; path = Pods_Flix_FlixUITests.framework; sourceTree = BUILT_PRODUCTS_DIR; };
/* End PBXFileReference section */

/* Begin PBXFrameworksBuildPhase section */
		60CA88D7270CC26900B4981A /* Frameworks */ = {
			isa = PBXFrameworksBuildPhase;
			buildActionMask = 2147483647;
			files = (
				60CA894D270EC44000B4981A /* AlamofireImage in Frameworks */,
				6C375C8188A90504DCA20573 /* Pods_Flix.framework in Frameworks */,
			);
			runOnlyForDeploymentPostprocessing = 0;
		};
		60CA88ED270CC26B00B4981A /* Frameworks */ = {
			isa = PBXFrameworksBuildPhase;
			buildActionMask = 2147483647;
			files = (
				DF30A7C522E7D1FA1D28933B /* Pods_FlixTests.framework in Frameworks */,
			);
			runOnlyForDeploymentPostprocessing = 0;
		};
		60CA88F7270CC26B00B4981A /* Frameworks */ = {
			isa = PBXFrameworksBuildPhase;
			buildActionMask = 2147483647;
			files = (
				D06C0CA7079DD1C5AFA0C98B /* Pods_Flix_FlixUITests.framework in Frameworks */,
			);
			runOnlyForDeploymentPostprocessing = 0;
		};
/* End PBXFrameworksBuildPhase section */

/* Begin PBXGroup section */
		60CA88D1270CC26900B4981A = {
			isa = PBXGroup;
			children = (
				60CA88DC270CC26900B4981A /* Flix */,
				60CA88F3270CC26B00B4981A /* FlixTests */,
				60CA88FD270CC26B00B4981A /* FlixUITests */,
				60CA88DB270CC26900B4981A /* Products */,
				9F0CC881FE5C2DDDFA3BC2FB /* Pods */,
				FC36AD4DFBEF72EE900C60D2 /* Frameworks */,
			);
			sourceTree = "<group>";
		};
		60CA88DB270CC26900B4981A /* Products */ = {
			isa = PBXGroup;
			children = (
				60CA88DA270CC26900B4981A /* Flix.app */,
				60CA88F0270CC26B00B4981A /* FlixTests.xctest */,
				60CA88FA270CC26B00B4981A /* FlixUITests.xctest */,
			);
			name = Products;
			sourceTree = "<group>";
		};
		60CA88DC270CC26900B4981A /* Flix */ = {
			isa = PBXGroup;
			children = (
				60CA88DD270CC26900B4981A /* AppDelegate.swift */,
				60CA88DF270CC26900B4981A /* SceneDelegate.swift */,
				60CA88E1270CC26900B4981A /* ViewController.swift */,
				60CA88E3270CC26900B4981A /* Main.storyboard */,
				60CA8949270E492F00B4981A /* MovieCell.swift */,
				60CA88E6270CC26B00B4981A /* Assets.xcassets */,
				60CA88E8270CC26B00B4981A /* LaunchScreen.storyboard */,
				60CA88EB270CC26B00B4981A /* Info.plist */,
			);
			path = Flix;
			sourceTree = "<group>";
		};
		60CA88F3270CC26B00B4981A /* FlixTests */ = {
			isa = PBXGroup;
			children = (
				60CA88F4270CC26B00B4981A /* FlixTests.swift */,
			);
			path = FlixTests;
			sourceTree = "<group>";
		};
		60CA88FD270CC26B00B4981A /* FlixUITests */ = {
			isa = PBXGroup;
			children = (
				60CA88FE270CC26B00B4981A /* FlixUITests.swift */,
				60CA8900270CC26B00B4981A /* FlixUITestsLaunchTests.swift */,
			);
			path = FlixUITests;
			sourceTree = "<group>";
		};
		9F0CC881FE5C2DDDFA3BC2FB /* Pods */ = {
			isa = PBXGroup;
			children = (
				73C396F817B2FD25D9B6B2EA /* Pods-Flix.debug.xcconfig */,
				00B68E0E359F0C8698D39143 /* Pods-Flix.release.xcconfig */,
				350A5FBC39CB022D7A77A338 /* Pods-Flix-FlixUITests.debug.xcconfig */,
				49DBDC6E51F0F89FE75BF138 /* Pods-Flix-FlixUITests.release.xcconfig */,
				4E1F1332AE1EA8C1A3452466 /* Pods-FlixTests.debug.xcconfig */,
				99676192959840EC09C7604A /* Pods-FlixTests.release.xcconfig */,
			);
			name = Pods;
			path = Pods;
			sourceTree = "<group>";
		};
		FC36AD4DFBEF72EE900C60D2 /* Frameworks */ = {
			isa = PBXGroup;
			children = (
				44A6AC149BDB0F446520B20C /* Pods_Flix.framework */,
				9EE5B5191E1DA5681A0786B4 /* Pods_Flix_FlixUITests.framework */,
				03E8EAA35FB508879B6D4F26 /* Pods_FlixTests.framework */,
			);
			name = Frameworks;
			sourceTree = "<group>";
		};
/* End PBXGroup section */

/* Begin PBXNativeTarget section */
		60CA88D9270CC26900B4981A /* Flix */ = {
			isa = PBXNativeTarget;
			buildConfigurationList = 60CA8904270CC26B00B4981A /* Build configuration list for PBXNativeTarget "Flix" */;
			buildPhases = (
				453E07801E039FFBC13A3023 /* [CP] Check Pods Manifest.lock */,
				60CA88D6270CC26900B4981A /* Sources */,
				60CA88D7270CC26900B4981A /* Frameworks */,
				60CA88D8270CC26900B4981A /* Resources */,
				3FE230FAFD53A16F78A8F9FE /* [CP] Embed Pods Frameworks */,
			);
			buildRules = (
			);
			dependencies = (
			);
			name = Flix;
			packageProductDependencies = (
				60CA894C270EC44000B4981A /* AlamofireImage */,
			);
			productName = Flix;
			productReference = 60CA88DA270CC26900B4981A /* Flix.app */;
			productType = "com.apple.product-type.application";
		};
		60CA88EF270CC26B00B4981A /* FlixTests */ = {
			isa = PBXNativeTarget;
			buildConfigurationList = 60CA8907270CC26B00B4981A /* Build configuration list for PBXNativeTarget "FlixTests" */;
			buildPhases = (
				249E640854A68FC64A8F3C0D /* [CP] Check Pods Manifest.lock */,
				60CA88EC270CC26B00B4981A /* Sources */,
				60CA88ED270CC26B00B4981A /* Frameworks */,
				60CA88EE270CC26B00B4981A /* Resources */,
			);
			buildRules = (
			);
			dependencies = (
				60CA88F2270CC26B00B4981A /* PBXTargetDependency */,
			);
			name = FlixTests;
			productName = FlixTests;
			productReference = 60CA88F0270CC26B00B4981A /* FlixTests.xctest */;
			productType = "com.apple.product-type.bundle.unit-test";
		};
		60CA88F9270CC26B00B4981A /* FlixUITests */ = {
			isa = PBXNativeTarget;
			buildConfigurationList = 60CA890A270CC26B00B4981A /* Build configuration list for PBXNativeTarget "FlixUITests" */;
			buildPhases = (
				4DEA9090AA2111EFCACF3972 /* [CP] Check Pods Manifest.lock */,
				60CA88F6270CC26B00B4981A /* Sources */,
				60CA88F7270CC26B00B4981A /* Frameworks */,
				60CA88F8270CC26B00B4981A /* Resources */,
				FBF12EC6B1A2ACA6230C69B0 /* [CP] Embed Pods Frameworks */,
			);
			buildRules = (
			);
			dependencies = (
				60CA88FC270CC26B00B4981A /* PBXTargetDependency */,
			);
			name = FlixUITests;
			productName = FlixUITests;
			productReference = 60CA88FA270CC26B00B4981A /* FlixUITests.xctest */;
			productType = "com.apple.product-type.bundle.ui-testing";
		};
/* End PBXNativeTarget section */

/* Begin PBXProject section */
		60CA88D2270CC26900B4981A /* Project object */ = {
			isa = PBXProject;
			attributes = {
				BuildIndependentTargetsInParallel = 1;
				LastSwiftUpdateCheck = 1300;
				LastUpgradeCheck = 1300;
				TargetAttributes = {
					60CA88D9270CC26900B4981A = {
						CreatedOnToolsVersion = 13.0;
					};
					60CA88EF270CC26B00B4981A = {
						CreatedOnToolsVersion = 13.0;
						TestTargetID = 60CA88D9270CC26900B4981A;
					};
					60CA88F9270CC26B00B4981A = {
						CreatedOnToolsVersion = 13.0;
						TestTargetID = 60CA88D9270CC26900B4981A;
					};
				};
			};
			buildConfigurationList = 60CA88D5270CC26900B4981A /* Build configuration list for PBXProject "Flix" */;
			compatibilityVersion = "Xcode 13.0";
			developmentRegion = en;
			hasScannedForEncodings = 0;
			knownRegions = (
				en,
				Base,
			);
			mainGroup = 60CA88D1270CC26900B4981A;
			packageReferences = (
				60CA894B270EC44000B4981A /* XCRemoteSwiftPackageReference "AlamofireImage" */,
			);
			productRefGroup = 60CA88DB270CC26900B4981A /* Products */;
			projectDirPath = "";
			projectRoot = "";
			targets = (
				60CA88D9270CC26900B4981A /* Flix */,
				60CA88EF270CC26B00B4981A /* FlixTests */,
				60CA88F9270CC26B00B4981A /* FlixUITests */,
			);
		};
/* End PBXProject section */

/* Begin PBXResourcesBuildPhase section */
		60CA88D8270CC26900B4981A /* Resources */ = {
			isa = PBXResourcesBuildPhase;
			buildActionMask = 2147483647;
			files = (
				60CA88EA270CC26B00B4981A /* LaunchScreen.storyboard in Resources */,
				60CA88E7270CC26B00B4981A /* Assets.xcassets in Resources */,
				60CA88E5270CC26900B4981A /* Main.storyboard in Resources */,
			);
			runOnlyForDeploymentPostprocessing = 0;
		};
		60CA88EE270CC26B00B4981A /* Resources */ = {
			isa = PBXResourcesBuildPhase;
			buildActionMask = 2147483647;
			files = (
			);
			runOnlyForDeploymentPostprocessing = 0;
		};
		60CA88F8270CC26B00B4981A /* Resources */ = {
			isa = PBXResourcesBuildPhase;
			buildActionMask = 2147483647;
			files = (
			);
			runOnlyForDeploymentPostprocessing = 0;
		};
/* End PBXResourcesBuildPhase section */

/* Begin PBXShellScriptBuildPhase section */
		249E640854A68FC64A8F3C0D /* [CP] Check Pods Manifest.lock */ = {
			isa = PBXShellScriptBuildPhase;
			buildActionMask = 2147483647;
			files = (
			);
			inputFileListPaths = (
			);
			inputPaths = (
				"${PODS_PODFILE_DIR_PATH}/Podfile.lock",
				"${PODS_ROOT}/Manifest.lock",
			);
			name = "[CP] Check Pods Manifest.lock";
			outputFileListPaths = (
			);
			outputPaths = (
				"$(DERIVED_FILE_DIR)/Pods-FlixTests-checkManifestLockResult.txt",
			);
			runOnlyForDeploymentPostprocessing = 0;
			shellPath = /bin/sh;
			shellScript = "diff \"${PODS_PODFILE_DIR_PATH}/Podfile.lock\" \"${PODS_ROOT}/Manifest.lock\" > /dev/null\nif [ $? != 0 ] ; then\n    # print error to STDERR\n    echo \"error: The sandbox is not in sync with the Podfile.lock. Run 'pod install' or update your CocoaPods installation.\" >&2\n    exit 1\nfi\n# This output is used by Xcode 'outputs' to avoid re-running this script phase.\necho \"SUCCESS\" > \"${SCRIPT_OUTPUT_FILE_0}\"\n";
			showEnvVarsInLog = 0;
		};
		3FE230FAFD53A16F78A8F9FE /* [CP] Embed Pods Frameworks */ = {
			isa = PBXShellScriptBuildPhase;
			buildActionMask = 2147483647;
			files = (
			);
			inputFileListPaths = (
				"${PODS_ROOT}/Target Support Files/Pods-Flix/Pods-Flix-frameworks-${CONFIGURATION}-input-files.xcfilelist",
			);
			name = "[CP] Embed Pods Frameworks";
			outputFileListPaths = (
				"${PODS_ROOT}/Target Support Files/Pods-Flix/Pods-Flix-frameworks-${CONFIGURATION}-output-files.xcfilelist",
			);
			runOnlyForDeploymentPostprocessing = 0;
			shellPath = /bin/sh;
			shellScript = "\"${PODS_ROOT}/Target Support Files/Pods-Flix/Pods-Flix-frameworks.sh\"\n";
			showEnvVarsInLog = 0;
		};
		453E07801E039FFBC13A3023 /* [CP] Check Pods Manifest.lock */ = {
			isa = PBXShellScriptBuildPhase;
			buildActionMask = 2147483647;
			files = (
			);
			inputFileListPaths = (
			);
			inputPaths = (
				"${PODS_PODFILE_DIR_PATH}/Podfile.lock",
				"${PODS_ROOT}/Manifest.lock",
			);
			name = "[CP] Check Pods Manifest.lock";
			outputFileListPaths = (
			);
			outputPaths = (
				"$(DERIVED_FILE_DIR)/Pods-Flix-checkManifestLockResult.txt",
			);
			runOnlyForDeploymentPostprocessing = 0;
			shellPath = /bin/sh;
			shellScript = "diff \"${PODS_PODFILE_DIR_PATH}/Podfile.lock\" \"${PODS_ROOT}/Manifest.lock\" > /dev/null\nif [ $? != 0 ] ; then\n    # print error to STDERR\n    echo \"error: The sandbox is not in sync with the Podfile.lock. Run 'pod install' or update your CocoaPods installation.\" >&2\n    exit 1\nfi\n# This output is used by Xcode 'outputs' to avoid re-running this script phase.\necho \"SUCCESS\" > \"${SCRIPT_OUTPUT_FILE_0}\"\n";
			showEnvVarsInLog = 0;
		};
		4DEA9090AA2111EFCACF3972 /* [CP] Check Pods Manifest.lock */ = {
			isa = PBXShellScriptBuildPhase;
			buildActionMask = 2147483647;
			files = (
			);
			inputFileListPaths = (
			);
			inputPaths = (
				"${PODS_PODFILE_DIR_PATH}/Podfile.lock",
				"${PODS_ROOT}/Manifest.lock",
			);
			name = "[CP] Check Pods Manifest.lock";
			outputFileListPaths = (
			);
			outputPaths = (
				"$(DERIVED_FILE_DIR)/Pods-Flix-FlixUITests-checkManifestLockResult.txt",
			);
			runOnlyForDeploymentPostprocessing = 0;
			shellPath = /bin/sh;
			shellScript = "diff \"${PODS_PODFILE_DIR_PATH}/Podfile.lock\" \"${PODS_ROOT}/Manifest.lock\" > /dev/null\nif [ $? != 0 ] ; then\n    # print error to STDERR\n    echo \"error: The sandbox is not in sync with the Podfile.lock. Run 'pod install' or update your CocoaPods installation.\" >&2\n    exit 1\nfi\n# This output is used by Xcode 'outputs' to avoid re-running this script phase.\necho \"SUCCESS\" > \"${SCRIPT_OUTPUT_FILE_0}\"\n";
			showEnvVarsInLog = 0;
		};
		FBF12EC6B1A2ACA6230C69B0 /* [CP] Embed Pods Frameworks */ = {
			isa = PBXShellScriptBuildPhase;
			buildActionMask = 2147483647;
			files = (
			);
			inputFileListPaths = (
				"${PODS_ROOT}/Target Support Files/Pods-Flix-FlixUITests/Pods-Flix-FlixUITests-frameworks-${CONFIGURATION}-input-files.xcfilelist",
			);
			name = "[CP] Embed Pods Frameworks";
			outputFileListPaths = (
				"${PODS_ROOT}/Target Support Files/Pods-Flix-FlixUITests/Pods-Flix-FlixUITests-frameworks-${CONFIGURATION}-output-files.xcfilelist",
			);
			runOnlyForDeploymentPostprocessing = 0;
			shellPath = /bin/sh;
			shellScript = "\"${PODS_ROOT}/Target Support Files/Pods-Flix-FlixUITests/Pods-Flix-FlixUITests-frameworks.sh\"\n";
			showEnvVarsInLog = 0;
		};
/* End PBXShellScriptBuildPhase section */

/* Begin PBXSourcesBuildPhase section */
		60CA88D6270CC26900B4981A /* Sources */ = {
			isa = PBXSourcesBuildPhase;
			buildActionMask = 2147483647;
			files = (
				60CA88E2270CC26900B4981A /* ViewController.swift in Sources */,
				60CA88DE270CC26900B4981A /* AppDelegate.swift in Sources */,
				60CA894A270E492F00B4981A /* MovieCell.swift in Sources */,
				60CA88E0270CC26900B4981A /* SceneDelegate.swift in Sources */,
			);
			runOnlyForDeploymentPostprocessing = 0;
		};
		60CA88EC270CC26B00B4981A /* Sources */ = {
			isa = PBXSourcesBuildPhase;
			buildActionMask = 2147483647;
			files = (
				60CA88F5270CC26B00B4981A /* FlixTests.swift in Sources */,
			);
			runOnlyForDeploymentPostprocessing = 0;
		};
		60CA88F6270CC26B00B4981A /* Sources */ = {
			isa = PBXSourcesBuildPhase;
			buildActionMask = 2147483647;
			files = (
				60CA88FF270CC26B00B4981A /* FlixUITests.swift in Sources */,
				60CA8901270CC26B00B4981A /* FlixUITestsLaunchTests.swift in Sources */,
			);
			runOnlyForDeploymentPostprocessing = 0;
		};
/* End PBXSourcesBuildPhase section */

/* Begin PBXTargetDependency section */
		60CA88F2270CC26B00B4981A /* PBXTargetDependency */ = {
			isa = PBXTargetDependency;
			target = 60CA88D9270CC26900B4981A /* Flix */;
			targetProxy = 60CA88F1270CC26B00B4981A /* PBXContainerItemProxy */;
		};
		60CA88FC270CC26B00B4981A /* PBXTargetDependency */ = {
			isa = PBXTargetDependency;
			target = 60CA88D9270CC26900B4981A /* Flix */;
			targetProxy = 60CA88FB270CC26B00B4981A /* PBXContainerItemProxy */;
		};
/* End PBXTargetDependency section */

/* Begin PBXVariantGroup section */
		60CA88E3270CC26900B4981A /* Main.storyboard */ = {
			isa = PBXVariantGroup;
			children = (
				60CA88E4270CC26900B4981A /* Base */,
			);
			name = Main.storyboard;
			sourceTree = "<group>";
		};
		60CA88E8270CC26B00B4981A /* LaunchScreen.storyboard */ = {
			isa = PBXVariantGroup;
			children = (
				60CA88E9270CC26B00B4981A /* Base */,
			);
			name = LaunchScreen.storyboard;
			sourceTree = "<group>";
		};
/* End PBXVariantGroup section */

/* Begin XCBuildConfiguration section */
		60CA8902270CC26B00B4981A /* Debug */ = {
			isa = XCBuildConfiguration;
			buildSettings = {
				ALWAYS_SEARCH_USER_PATHS = NO;
				CLANG_ANALYZER_NONNULL = YES;
				CLANG_ANALYZER_NUMBER_OBJECT_CONVERSION = YES_AGGRESSIVE;
				CLANG_CXX_LANGUAGE_STANDARD = "gnu++17";
				CLANG_CXX_LIBRARY = "libc++";
				CLANG_ENABLE_MODULES = YES;
				CLANG_ENABLE_OBJC_ARC = YES;
				CLANG_ENABLE_OBJC_WEAK = YES;
				CLANG_WARN_BLOCK_CAPTURE_AUTORELEASING = YES;
				CLANG_WARN_BOOL_CONVERSION = YES;
				CLANG_WARN_COMMA = YES;
				CLANG_WARN_CONSTANT_CONVERSION = YES;
				CLANG_WARN_DEPRECATED_OBJC_IMPLEMENTATIONS = YES;
				CLANG_WARN_DIRECT_OBJC_ISA_USAGE = YES_ERROR;
				CLANG_WARN_DOCUMENTATION_COMMENTS = YES;
				CLANG_WARN_EMPTY_BODY = YES;
				CLANG_WARN_ENUM_CONVERSION = YES;
				CLANG_WARN_INFINITE_RECURSION = YES;
				CLANG_WARN_INT_CONVERSION = YES;
				CLANG_WARN_NON_LITERAL_NULL_CONVERSION = YES;
				CLANG_WARN_OBJC_IMPLICIT_RETAIN_SELF = YES;
				CLANG_WARN_OBJC_LITERAL_CONVERSION = YES;
				CLANG_WARN_OBJC_ROOT_CLASS = YES_ERROR;
				CLANG_WARN_QUOTED_INCLUDE_IN_FRAMEWORK_HEADER = YES;
				CLANG_WARN_RANGE_LOOP_ANALYSIS = YES;
				CLANG_WARN_STRICT_PROTOTYPES = YES;
				CLANG_WARN_SUSPICIOUS_MOVE = YES;
				CLANG_WARN_UNGUARDED_AVAILABILITY = YES_AGGRESSIVE;
				CLANG_WARN_UNREACHABLE_CODE = YES;
				CLANG_WARN__DUPLICATE_METHOD_MATCH = YES;
				COPY_PHASE_STRIP = NO;
				DEBUG_INFORMATION_FORMAT = dwarf;
				ENABLE_STRICT_OBJC_MSGSEND = YES;
				ENABLE_TESTABILITY = YES;
				GCC_C_LANGUAGE_STANDARD = gnu11;
				GCC_DYNAMIC_NO_PIC = NO;
				GCC_NO_COMMON_BLOCKS = YES;
				GCC_OPTIMIZATION_LEVEL = 0;
				GCC_PREPROCESSOR_DEFINITIONS = (
					"DEBUG=1",
					"$(inherited)",
				);
				GCC_WARN_64_TO_32_BIT_CONVERSION = YES;
				GCC_WARN_ABOUT_RETURN_TYPE = YES_ERROR;
				GCC_WARN_UNDECLARED_SELECTOR = YES;
				GCC_WARN_UNINITIALIZED_AUTOS = YES_AGGRESSIVE;
				GCC_WARN_UNUSED_FUNCTION = YES;
				GCC_WARN_UNUSED_VARIABLE = YES;
				IPHONEOS_DEPLOYMENT_TARGET = 15.0;
				MTL_ENABLE_DEBUG_INFO = INCLUDE_SOURCE;
				MTL_FAST_MATH = YES;
				ONLY_ACTIVE_ARCH = YES;
				SDKROOT = iphoneos;
				SWIFT_ACTIVE_COMPILATION_CONDITIONS = DEBUG;
				SWIFT_OPTIMIZATION_LEVEL = "-Onone";
			};
			name = Debug;
		};
		60CA8903270CC26B00B4981A /* Release */ = {
			isa = XCBuildConfiguration;
			buildSettings = {
				ALWAYS_SEARCH_USER_PATHS = NO;
				CLANG_ANALYZER_NONNULL = YES;
				CLANG_ANALYZER_NUMBER_OBJECT_CONVERSION = YES_AGGRESSIVE;
				CLANG_CXX_LANGUAGE_STANDARD = "gnu++17";
				CLANG_CXX_LIBRARY = "libc++";
				CLANG_ENABLE_MODULES = YES;
				CLANG_ENABLE_OBJC_ARC = YES;
				CLANG_ENABLE_OBJC_WEAK = YES;
				CLANG_WARN_BLOCK_CAPTURE_AUTORELEASING = YES;
				CLANG_WARN_BOOL_CONVERSION = YES;
				CLANG_WARN_COMMA = YES;
				CLANG_WARN_CONSTANT_CONVERSION = YES;
				CLANG_WARN_DEPRECATED_OBJC_IMPLEMENTATIONS = YES;
				CLANG_WARN_DIRECT_OBJC_ISA_USAGE = YES_ERROR;
				CLANG_WARN_DOCUMENTATION_COMMENTS = YES;
				CLANG_WARN_EMPTY_BODY = YES;
				CLANG_WARN_ENUM_CONVERSION = YES;
				CLANG_WARN_INFINITE_RECURSION = YES;
				CLANG_WARN_INT_CONVERSION = YES;
				CLANG_WARN_NON_LITERAL_NULL_CONVERSION = YES;
				CLANG_WARN_OBJC_IMPLICIT_RETAIN_SELF = YES;
				CLANG_WARN_OBJC_LITERAL_CONVERSION = YES;
				CLANG_WARN_OBJC_ROOT_CLASS = YES_ERROR;
				CLANG_WARN_QUOTED_INCLUDE_IN_FRAMEWORK_HEADER = YES;
				CLANG_WARN_RANGE_LOOP_ANALYSIS = YES;
				CLANG_WARN_STRICT_PROTOTYPES = YES;
				CLANG_WARN_SUSPICIOUS_MOVE = YES;
				CLANG_WARN_UNGUARDED_AVAILABILITY = YES_AGGRESSIVE;
				CLANG_WARN_UNREACHABLE_CODE = YES;
				CLANG_WARN__DUPLICATE_METHOD_MATCH = YES;
				COPY_PHASE_STRIP = NO;
				DEBUG_INFORMATION_FORMAT = "dwarf-with-dsym";
				ENABLE_NS_ASSERTIONS = NO;
				ENABLE_STRICT_OBJC_MSGSEND = YES;
				GCC_C_LANGUAGE_STANDARD = gnu11;
				GCC_NO_COMMON_BLOCKS = YES;
				GCC_WARN_64_TO_32_BIT_CONVERSION = YES;
				GCC_WARN_ABOUT_RETURN_TYPE = YES_ERROR;
				GCC_WARN_UNDECLARED_SELECTOR = YES;
				GCC_WARN_UNINITIALIZED_AUTOS = YES_AGGRESSIVE;
				GCC_WARN_UNUSED_FUNCTION = YES;
				GCC_WARN_UNUSED_VARIABLE = YES;
				IPHONEOS_DEPLOYMENT_TARGET = 15.0;
				MTL_ENABLE_DEBUG_INFO = NO;
				MTL_FAST_MATH = YES;
				SDKROOT = iphoneos;
				SWIFT_COMPILATION_MODE = wholemodule;
				SWIFT_OPTIMIZATION_LEVEL = "-O";
				VALIDATE_PRODUCT = YES;
			};
			name = Release;
		};
		60CA8905270CC26B00B4981A /* Debug */ = {
			isa = XCBuildConfiguration;
			baseConfigurationReference = 73C396F817B2FD25D9B6B2EA /* Pods-Flix.debug.xcconfig */;
			buildSettings = {
				ASSETCATALOG_COMPILER_APPICON_NAME = AppIcon;
				ASSETCATALOG_COMPILER_GLOBAL_ACCENT_COLOR_NAME = AccentColor;
				CODE_SIGN_STYLE = Automatic;
				CURRENT_PROJECT_VERSION = 1;
				DEVELOPMENT_TEAM = 2K8DZ34R9J;
				GENERATE_INFOPLIST_FILE = YES;
				INFOPLIST_FILE = Flix/Info.plist;
				INFOPLIST_KEY_UIApplicationSupportsIndirectInputEvents = YES;
				INFOPLIST_KEY_UILaunchStoryboardName = LaunchScreen;
				INFOPLIST_KEY_UIMainStoryboardFile = Main;
				INFOPLIST_KEY_UISupportedInterfaceOrientations_iPad = "UIInterfaceOrientationPortrait UIInterfaceOrientationPortraitUpsideDown UIInterfaceOrientationLandscapeLeft UIInterfaceOrientationLandscapeRight";
				INFOPLIST_KEY_UISupportedInterfaceOrientations_iPhone = "UIInterfaceOrientationPortrait UIInterfaceOrientationLandscapeLeft UIInterfaceOrientationLandscapeRight";
				LD_RUNPATH_SEARCH_PATHS = (
					"$(inherited)",
					"@executable_path/Frameworks",
				);
				MARKETING_VERSION = 1.0;
				PRODUCT_BUNDLE_IDENTIFIER = com.yanwenchen.Flix;
				PRODUCT_NAME = "$(TARGET_NAME)";
				SWIFT_EMIT_LOC_STRINGS = YES;
				SWIFT_VERSION = 5.0;
				TARGETED_DEVICE_FAMILY = "1,2";
			};
			name = Debug;
		};
		60CA8906270CC26B00B4981A /* Release */ = {
			isa = XCBuildConfiguration;
			baseConfigurationReference = 00B68E0E359F0C8698D39143 /* Pods-Flix.release.xcconfig */;
			buildSettings = {
				ASSETCATALOG_COMPILER_APPICON_NAME = AppIcon;
				ASSETCATALOG_COMPILER_GLOBAL_ACCENT_COLOR_NAME = AccentColor;
				CODE_SIGN_STYLE = Automatic;
				CURRENT_PROJECT_VERSION = 1;
				DEVELOPMENT_TEAM = 2K8DZ34R9J;
				GENERATE_INFOPLIST_FILE = YES;
				INFOPLIST_FILE = Flix/Info.plist;
				INFOPLIST_KEY_UIApplicationSupportsIndirectInputEvents = YES;
				INFOPLIST_KEY_UILaunchStoryboardName = LaunchScreen;
				INFOPLIST_KEY_UIMainStoryboardFile = Main;
				INFOPLIST_KEY_UISupportedInterfaceOrientations_iPad = "UIInterfaceOrientationPortrait UIInterfaceOrientationPortraitUpsideDown UIInterfaceOrientationLandscapeLeft UIInterfaceOrientationLandscapeRight";
				INFOPLIST_KEY_UISupportedInterfaceOrientations_iPhone = "UIInterfaceOrientationPortrait UIInterfaceOrientationLandscapeLeft UIInterfaceOrientationLandscapeRight";
				LD_RUNPATH_SEARCH_PATHS = (
					"$(inherited)",
					"@executable_path/Frameworks",
				);
				MARKETING_VERSION = 1.0;
				PRODUCT_BUNDLE_IDENTIFIER = com.yanwenchen.Flix;
				PRODUCT_NAME = "$(TARGET_NAME)";
				SWIFT_EMIT_LOC_STRINGS = YES;
				SWIFT_VERSION = 5.0;
				TARGETED_DEVICE_FAMILY = "1,2";
			};
			name = Release;
		};
		60CA8908270CC26B00B4981A /* Debug */ = {
			isa = XCBuildConfiguration;
			baseConfigurationReference = 4E1F1332AE1EA8C1A3452466 /* Pods-FlixTests.debug.xcconfig */;
			buildSettings = {
				ALWAYS_EMBED_SWIFT_STANDARD_LIBRARIES = YES;
				BUNDLE_LOADER = "$(TEST_HOST)";
				CODE_SIGN_STYLE = Automatic;
				CURRENT_PROJECT_VERSION = 1;
				DEVELOPMENT_TEAM = 2K8DZ34R9J;
				GENERATE_INFOPLIST_FILE = YES;
				IPHONEOS_DEPLOYMENT_TARGET = 15.0;
				LD_RUNPATH_SEARCH_PATHS = (
					"$(inherited)",
					"@executable_path/Frameworks",
					"@loader_path/Frameworks",
				);
				MARKETING_VERSION = 1.0;
				PRODUCT_BUNDLE_IDENTIFIER = com.yanwenchen.FlixTests;
				PRODUCT_NAME = "$(TARGET_NAME)";
				SWIFT_EMIT_LOC_STRINGS = NO;
				SWIFT_VERSION = 5.0;
				TARGETED_DEVICE_FAMILY = "1,2";
				TEST_HOST = "$(BUILT_PRODUCTS_DIR)/Flix.app/Flix";
			};
			name = Debug;
		};
		60CA8909270CC26B00B4981A /* Release */ = {
			isa = XCBuildConfiguration;
			baseConfigurationReference = 99676192959840EC09C7604A /* Pods-FlixTests.release.xcconfig */;
			buildSettings = {
				ALWAYS_EMBED_SWIFT_STANDARD_LIBRARIES = YES;
				BUNDLE_LOADER = "$(TEST_HOST)";
				CODE_SIGN_STYLE = Automatic;
				CURRENT_PROJECT_VERSION = 1;
				DEVELOPMENT_TEAM = 2K8DZ34R9J;
				GENERATE_INFOPLIST_FILE = YES;
				IPHONEOS_DEPLOYMENT_TARGET = 15.0;
				LD_RUNPATH_SEARCH_PATHS = (
					"$(inherited)",
					"@executable_path/Frameworks",
					"@loader_path/Frameworks",
				);
				MARKETING_VERSION = 1.0;
				PRODUCT_BUNDLE_IDENTIFIER = com.yanwenchen.FlixTests;
				PRODUCT_NAME = "$(TARGET_NAME)";
				SWIFT_EMIT_LOC_STRINGS = NO;
				SWIFT_VERSION = 5.0;
				TARGETED_DEVICE_FAMILY = "1,2";
				TEST_HOST = "$(BUILT_PRODUCTS_DIR)/Flix.app/Flix";
			};
			name = Release;
		};
		60CA890B270CC26B00B4981A /* Debug */ = {
			isa = XCBuildConfiguration;
			baseConfigurationReference = 350A5FBC39CB022D7A77A338 /* Pods-Flix-FlixUITests.debug.xcconfig */;
			buildSettings = {
				ALWAYS_EMBED_SWIFT_STANDARD_LIBRARIES = YES;
				CODE_SIGN_STYLE = Automatic;
				CURRENT_PROJECT_VERSION = 1;
				DEVELOPMENT_TEAM = 2K8DZ34R9J;
				GENERATE_INFOPLIST_FILE = YES;
				LD_RUNPATH_SEARCH_PATHS = (
					"$(inherited)",
					"@executable_path/Frameworks",
					"@loader_path/Frameworks",
				);
				MARKETING_VERSION = 1.0;
				PRODUCT_BUNDLE_IDENTIFIER = com.yanwenchen.FlixUITests;
				PRODUCT_NAME = "$(TARGET_NAME)";
				SWIFT_EMIT_LOC_STRINGS = NO;
				SWIFT_VERSION = 5.0;
				TARGETED_DEVICE_FAMILY = "1,2";
				TEST_TARGET_NAME = Flix;
			};
			name = Debug;
		};
		60CA890C270CC26B00B4981A /* Release */ = {
			isa = XCBuildConfiguration;
			baseConfigurationReference = 49DBDC6E51F0F89FE75BF138 /* Pods-Flix-FlixUITests.release.xcconfig */;
			buildSettings = {
				ALWAYS_EMBED_SWIFT_STANDARD_LIBRARIES = YES;
				CODE_SIGN_STYLE = Automatic;
				CURRENT_PROJECT_VERSION = 1;
				DEVELOPMENT_TEAM = 2K8DZ34R9J;
				GENERATE_INFOPLIST_FILE = YES;
				LD_RUNPATH_SEARCH_PATHS = (
					"$(inherited)",
					"@executable_path/Frameworks",
					"@loader_path/Frameworks",
				);
				MARKETING_VERSION = 1.0;
				PRODUCT_BUNDLE_IDENTIFIER = com.yanwenchen.FlixUITests;
				PRODUCT_NAME = "$(TARGET_NAME)";
				SWIFT_EMIT_LOC_STRINGS = NO;
				SWIFT_VERSION = 5.0;
				TARGETED_DEVICE_FAMILY = "1,2";
				TEST_TARGET_NAME = Flix;
			};
			name = Release;
		};
/* End XCBuildConfiguration section */

/* Begin XCConfigurationList section */
		60CA88D5270CC26900B4981A /* Build configuration list for PBXProject "Flix" */ = {
			isa = XCConfigurationList;
			buildConfigurations = (
				60CA8902270CC26B00B4981A /* Debug */,
				60CA8903270CC26B00B4981A /* Release */,
			);
			defaultConfigurationIsVisible = 0;
			defaultConfigurationName = Release;
		};
		60CA8904270CC26B00B4981A /* Build configuration list for PBXNativeTarget "Flix" */ = {
			isa = XCConfigurationList;
			buildConfigurations = (
				60CA8905270CC26B00B4981A /* Debug */,
				60CA8906270CC26B00B4981A /* Release */,
			);
			defaultConfigurationIsVisible = 0;
			defaultConfigurationName = Release;
		};
		60CA8907270CC26B00B4981A /* Build configuration list for PBXNativeTarget "FlixTests" */ = {
			isa = XCConfigurationList;
			buildConfigurations = (
				60CA8908270CC26B00B4981A /* Debug */,
				60CA8909270CC26B00B4981A /* Release */,
			);
			defaultConfigurationIsVisible = 0;
			defaultConfigurationName = Release;
		};
		60CA890A270CC26B00B4981A /* Build configuration list for PBXNativeTarget "FlixUITests" */ = {
			isa = XCConfigurationList;
			buildConfigurations = (
				60CA890B270CC26B00B4981A /* Debug */,
				60CA890C270CC26B00B4981A /* Release */,
			);
			defaultConfigurationIsVisible = 0;
			defaultConfigurationName = Release;
		};
/* End XCConfigurationList section */

/* Begin XCRemoteSwiftPackageReference section */
		60CA894B270EC44000B4981A /* XCRemoteSwiftPackageReference "AlamofireImage" */ = {
			isa = XCRemoteSwiftPackageReference;
			repositoryURL = "https://github.com/Alamofire/AlamofireImage";
			requirement = {
				kind = upToNextMajorVersion;
				minimumVersion = 4.2.0;
			};
		};
/* End XCRemoteSwiftPackageReference section */

/* Begin XCSwiftPackageProductDependency section */
		60CA894C270EC44000B4981A /* AlamofireImage */ = {
			isa = XCSwiftPackageProductDependency;
			package = 60CA894B270EC44000B4981A /* XCRemoteSwiftPackageReference "AlamofireImage" */;
			productName = AlamofireImage;
		};
/* End XCSwiftPackageProductDependency section */
	};
	rootObject = 60CA88D2270CC26900B4981A /* Project object */;
}
